
Microsoft Visual Studio Solution File, Format Version 12.00
# Visual Studio 15
VisualStudioVersion = 15.0.27703.2026
MinimumVisualStudioVersion = 10.0.40219.1
Project("{FAE04EC0-301F-11D3-BF4B-00C04F79EFBC}") = "part_1", "part_1\part_1.csproj", "{117EC213-F17C-4F7F-8693-F7293CAD3C2F}"
EndProject
Project("{FAE04EC0-301F-11D3-BF4B-00C04F79EFBC}") = "part_2", "part_2\part_2.csproj", "{5222C01D-E152-4B51-B220-8016321EE42F}"
EndProject
Global
	GlobalSection(SolutionConfigurationPlatforms) = preSolution
		Debug|Any CPU = Debug|Any CPU
		Release|Any CPU = Release|Any CPU
	EndGlobalSection
	GlobalSection(ProjectConfigurationPlatforms) = postSolution
		{117EC213-F17C-4F7F-8693-F7293CAD3C2F}.Debug|Any CPU.ActiveCfg = Debug|Any CPU
		{117EC213-F17C-4F7F-8693-F7293CAD3C2F}.Debug|Any CPU.Build.0 = Debug|Any CPU
		{117EC213-F17C-4F7F-8693-F7293CAD3C2F}.Release|Any CPU.ActiveCfg = Release|Any CPU
		{117EC213-F17C-4F7F-8693-F7293CAD3C2F}.Release|Any CPU.Build.0 = Release|Any CPU
		{5222C01D-E152-4B51-B220-8016321EE42F}.Debug|Any CPU.ActiveCfg = Debug|Any CPU
		{5222C01D-E152-4B51-B220-8016321EE42F}.Debug|Any CPU.Build.0 = Debug|Any CPU
		{5222C01D-E152-4B51-B220-8016321EE42F}.Release|Any CPU.ActiveCfg = Release|Any CPU
		{5222C01D-E152-4B51-B220-8016321EE42F}.Release|Any CPU.Build.0 = Release|Any CPU
	EndGlobalSection
	GlobalSection(SolutionProperties) = preSolution
		HideSolutionNode = FALSE
	EndGlobalSection
	GlobalSection(ExtensibilityGlobals) = postSolution
		SolutionGuid = {82A009B3-9E3E-4BD7-BB9E-52F0E0E61A28}
	EndGlobalSection
EndGlobal
